// !$*UTF8*$!
{
	archiveVersion = 1;
	classes = {
	};
	objectVersion = 55;
	objects = {

/* Begin PBXCopyFilesBuildPhase section */
		146EC5AD2882F12A0037F2AA /* CopyFiles */ = {
			isa = PBXCopyFilesBuildPhase;
			buildActionMask = 2147483647;
			dstPath = /usr/share/man/man1/;
			dstSubfolderSpec = 0;
			files = (
			);
			runOnlyForDeploymentPostprocessing = 1;
		};
/* End PBXCopyFilesBuildPhase section */

/* Begin PBXFileReference section */
		141EE30E289863BD00A96BCD /* URL.cpp */ = {isa = PBXFileReference; lastKnownFileType = sourcecode.cpp.cpp; path = URL.cpp; sourceTree = "<group>"; };
		141EE310289868EF00A96BCD /* NewWords.cpp */ = {isa = PBXFileReference; lastKnownFileType = sourcecode.cpp.cpp; path = NewWords.cpp; sourceTree = "<group>"; };
		141EE3122898803500A96BCD /* ReplaceWord.cpp */ = {isa = PBXFileReference; lastKnownFileType = sourcecode.cpp.cpp; path = ReplaceWord.cpp; sourceTree = "<group>"; };
		141EE3142898863500A96BCD /* Encrypt&DecryptMessage.cpp */ = {isa = PBXFileReference; lastKnownFileType = sourcecode.cpp.cpp; path = "Encrypt&DecryptMessage.cpp"; sourceTree = "<group>"; };
		142ADAB92886E60900D86A60 /* ILoveStrings.cpp */ = {isa = PBXFileReference; lastKnownFileType = sourcecode.cpp.cpp; path = ILoveStrings.cpp; sourceTree = "<group>"; };
		142ADABB288717DC00D86A60 /* CreateANewString.cpp */ = {isa = PBXFileReference; lastKnownFileType = sourcecode.cpp.cpp; path = CreateANewString.cpp; sourceTree = "<group>"; };
		142ADABD288718A000D86A60 /* Conversion.cpp */ = {isa = PBXFileReference; lastKnownFileType = sourcecode.cpp.cpp; path = Conversion.cpp; sourceTree = "<group>"; };
		1451C76628940C7E006CAB89 /* SortString.cpp */ = {isa = PBXFileReference; lastKnownFileType = sourcecode.cpp.cpp; path = SortString.cpp; sourceTree = "<group>"; };
		1451C76828942DA2006CAB89 /* CountWords.cpp */ = {isa = PBXFileReference; lastKnownFileType = sourcecode.cpp.cpp; path = CountWords.cpp; sourceTree = "<group>"; };
		1451C76A28943E88006CAB89 /* ReverseWords.cpp */ = {isa = PBXFileReference; lastKnownFileType = sourcecode.cpp.cpp; path = ReverseWords.cpp; sourceTree = "<group>"; };
		1451C76C289444CA006CAB89 /* StringScore.cpp */ = {isa = PBXFileReference; lastKnownFileType = sourcecode.cpp.cpp; path = StringScore.cpp; sourceTree = "<group>"; };
		1451C76E28945AA6006CAB89 /* MaxSplit.cpp */ = {isa = PBXFileReference; lastKnownFileType = sourcecode.cpp.cpp; path = MaxSplit.cpp; sourceTree = "<group>"; };
		146EC5AF2882F12A0037F2AA /* sheet4String */ = {isa = PBXFileReference; explicitFileType = "compiled.mach-o.executable"; includeInIndex = 0; path = sheet4String; sourceTree = BUILT_PRODUCTS_DIR; };
		146EC5B22882F12A0037F2AA /* main.cpp */ = {isa = PBXFileReference; lastKnownFileType = sourcecode.cpp.cpp; path = main.cpp; sourceTree = "<group>"; };
		146EC5B92882F1570037F2AA /* Let'sUseGetline.cpp */ = {isa = PBXFileReference; lastKnownFileType = sourcecode.cpp.cpp; path = "Let'sUseGetline.cpp"; sourceTree = "<group>"; };
		146EC5BB2882F4270037F2AA /* Strings.cpp */ = {isa = PBXFileReference; lastKnownFileType = sourcecode.cpp.cpp; path = Strings.cpp; sourceTree = "<group>"; };
		146EC5BD2882F5E20037F2AA /* Count.cpp */ = {isa = PBXFileReference; lastKnownFileType = sourcecode.cpp.cpp; path = Count.cpp; sourceTree = "<group>"; };
		146EC5BF2882F7BA0037F2AA /* Compare.cpp */ = {isa = PBXFileReference; lastKnownFileType = sourcecode.cpp.cpp; path = Compare.cpp; sourceTree = "<group>"; };
		146EC5C12882F8A90037F2AA /* WayTooLongWords.cpp */ = {isa = PBXFileReference; lastKnownFileType = sourcecode.cpp.cpp; path = WayTooLongWords.cpp; sourceTree = "<group>"; };
		146EC5C32882FA7B0037F2AA /* Palindrome.cpp */ = {isa = PBXFileReference; lastKnownFileType = sourcecode.cpp.cpp; path = Palindrome.cpp; sourceTree = "<group>"; };
		146EC5C52882FE640037F2AA /* GoodOrBad.cpp */ = {isa = PBXFileReference; lastKnownFileType = sourcecode.cpp.cpp; path = GoodOrBad.cpp; sourceTree = "<group>"; };
		146EC5C72883078A0037F2AA /* CountLetters.cpp */ = {isa = PBXFileReference; lastKnownFileType = sourcecode.cpp.cpp; path = CountLetters.cpp; sourceTree = "<group>"; };
		147297ED2892ABF0006C059E /* SubsequenceString.cpp */ = {isa = PBXFileReference; lastKnownFileType = sourcecode.cpp.cpp; path = SubsequenceString.cpp; sourceTree = "<group>"; };
		147297EF2892B529006C059E /* MaxSubsequence.cpp */ = {isa = PBXFileReference; lastKnownFileType = sourcecode.cpp.cpp; path = MaxSubsequence.cpp; sourceTree = "<group>"; };
		14D84CD9288D067D000A8558 /* StringFunctions.cpp */ = {isa = PBXFileReference; lastKnownFileType = sourcecode.cpp.cpp; path = StringFunctions.cpp; sourceTree = "<group>"; };
		14D84CE1288D4E0B000A8558 /* Comparison.cpp */ = {isa = PBXFileReference; lastKnownFileType = sourcecode.cpp.cpp; path = Comparison.cpp; sourceTree = "<group>"; };
/* End PBXFileReference section */

/* Begin PBXFrameworksBuildPhase section */
		146EC5AC2882F12A0037F2AA /* Frameworks */ = {
			isa = PBXFrameworksBuildPhase;
			buildActionMask = 2147483647;
			files = (
			);
			runOnlyForDeploymentPostprocessing = 0;
		};
/* End PBXFrameworksBuildPhase section */

/* Begin PBXGroup section */
		146EC5A62882F12A0037F2AA = {
			isa = PBXGroup;
			children = (
				146EC5B12882F12A0037F2AA /* sheet4String */,
				146EC5B02882F12A0037F2AA /* Products */,
			);
			sourceTree = "<group>";
		};
		146EC5B02882F12A0037F2AA /* Products */ = {
			isa = PBXGroup;
			children = (
				146EC5AF2882F12A0037F2AA /* sheet4String */,
			);
			name = Products;
			sourceTree = "<group>";
		};
		146EC5B12882F12A0037F2AA /* sheet4String */ = {
			isa = PBXGroup;
			children = (
				146EC5B22882F12A0037F2AA /* main.cpp */,
				146EC5B92882F1570037F2AA /* Let'sUseGetline.cpp */,
				146EC5BB2882F4270037F2AA /* Strings.cpp */,
				146EC5BD2882F5E20037F2AA /* Count.cpp */,
				146EC5BF2882F7BA0037F2AA /* Compare.cpp */,
				146EC5C12882F8A90037F2AA /* WayTooLongWords.cpp */,
				146EC5C32882FA7B0037F2AA /* Palindrome.cpp */,
				146EC5C52882FE640037F2AA /* GoodOrBad.cpp */,
				146EC5C72883078A0037F2AA /* CountLetters.cpp */,
				142ADAB92886E60900D86A60 /* ILoveStrings.cpp */,
				142ADABB288717DC00D86A60 /* CreateANewString.cpp */,
				142ADABD288718A000D86A60 /* Conversion.cpp */,
				14D84CD9288D067D000A8558 /* StringFunctions.cpp */,
				14D84CE1288D4E0B000A8558 /* Comparison.cpp */,
				147297ED2892ABF0006C059E /* SubsequenceString.cpp */,
				147297EF2892B529006C059E /* MaxSubsequence.cpp */,
				1451C76628940C7E006CAB89 /* SortString.cpp */,
				1451C76828942DA2006CAB89 /* CountWords.cpp */,
				1451C76A28943E88006CAB89 /* ReverseWords.cpp */,
				1451C76C289444CA006CAB89 /* StringScore.cpp */,
				1451C76E28945AA6006CAB89 /* MaxSplit.cpp */,
				141EE30E289863BD00A96BCD /* URL.cpp */,
				141EE310289868EF00A96BCD /* NewWords.cpp */,
				141EE3122898803500A96BCD /* ReplaceWord.cpp */,
				141EE3142898863500A96BCD /* Encrypt&DecryptMessage.cpp */,
			);
			path = sheet4String;
			sourceTree = "<group>";
		};
/* End PBXGroup section */

/* Begin PBXNativeTarget section */
		146EC5AE2882F12A0037F2AA /* sheet4String */ = {
			isa = PBXNativeTarget;
			buildConfigurationList = 146EC5B62882F12A0037F2AA /* Build configuration list for PBXNativeTarget "sheet4String" */;
			buildPhases = (
				146EC5AB2882F12A0037F2AA /* Sources */,
				146EC5AC2882F12A0037F2AA /* Frameworks */,
				146EC5AD2882F12A0037F2AA /* CopyFiles */,
			);
			buildRules = (
			);
			dependencies = (
			);
			name = sheet4String;
			productName = sheet4String;
			productReference = 146EC5AF2882F12A0037F2AA /* sheet4String */;
			productType = "com.apple.product-type.tool";
		};
/* End PBXNativeTarget section */

/* Begin PBXProject section */
		146EC5A72882F12A0037F2AA /* Project object */ = {
			isa = PBXProject;
			attributes = {
				BuildIndependentTargetsInParallel = 1;
				LastUpgradeCheck = 1330;
				TargetAttributes = {
					146EC5AE2882F12A0037F2AA = {
						CreatedOnToolsVersion = 13.3;
					};
				};
			};
			buildConfigurationList = 146EC5AA2882F12A0037F2AA /* Build configuration list for PBXProject "sheet4String" */;
			compatibilityVersion = "Xcode 13.0";
			developmentRegion = en;
			hasScannedForEncodings = 0;
			knownRegions = (
				en,
				Base,
			);
			mainGroup = 146EC5A62882F12A0037F2AA;
			productRefGroup = 146EC5B02882F12A0037F2AA /* Products */;
			projectDirPath = "";
			projectRoot = "";
			targets = (
				146EC5AE2882F12A0037F2AA /* sheet4String */,
			);
		};
/* End PBXProject section */

/* Begin PBXSourcesBuildPhase section */
		146EC5AB2882F12A0037F2AA /* Sources */ = {
			isa = PBXSourcesBuildPhase;
			buildActionMask = 2147483647;
			files = (
			);
			runOnlyForDeploymentPostprocessing = 0;
		};
/* End PBXSourcesBuildPhase section */

/* Begin XCBuildConfiguration section */
		146EC5B42882F12A0037F2AA /* Debug */ = {
			isa = XCBuildConfiguration;
			buildSettings = {
				ALWAYS_SEARCH_USER_PATHS = NO;
				CLANG_ANALYZER_NONNULL = YES;
				CLANG_ANALYZER_NUMBER_OBJECT_CONVERSION = YES_AGGRESSIVE;
				CLANG_CXX_LANGUAGE_STANDARD = "gnu++17";
				CLANG_ENABLE_MODULES = YES;
				CLANG_ENABLE_OBJC_ARC = YES;
				CLANG_ENABLE_OBJC_WEAK = YES;
				CLANG_WARN_BLOCK_CAPTURE_AUTORELEASING = YES;
				CLANG_WARN_BOOL_CONVERSION = YES;
				CLANG_WARN_COMMA = YES;
				CLANG_WARN_CONSTANT_CONVERSION = YES;
				CLANG_WARN_DEPRECATED_OBJC_IMPLEMENTATIONS = YES;
				CLANG_WARN_DIRECT_OBJC_ISA_USAGE = YES_ERROR;
				CLANG_WARN_DOCUMENTATION_COMMENTS = YES;
				CLANG_WARN_EMPTY_BODY = YES;
				CLANG_WARN_ENUM_CONVERSION = YES;
				CLANG_WARN_INFINITE_RECURSION = YES;
				CLANG_WARN_INT_CONVERSION = YES;
				CLANG_WARN_NON_LITERAL_NULL_CONVERSION = YES;
				CLANG_WARN_OBJC_IMPLICIT_RETAIN_SELF = YES;
				CLANG_WARN_OBJC_LITERAL_CONVERSION = YES;
				CLANG_WARN_OBJC_ROOT_CLASS = YES_ERROR;
				CLANG_WARN_QUOTED_INCLUDE_IN_FRAMEWORK_HEADER = YES;
				CLANG_WARN_RANGE_LOOP_ANALYSIS = YES;
				CLANG_WARN_STRICT_PROTOTYPES = YES;
				CLANG_WARN_SUSPICIOUS_MOVE = YES;
				CLANG_WARN_UNGUARDED_AVAILABILITY = YES_AGGRESSIVE;
				CLANG_WARN_UNREACHABLE_CODE = YES;
				CLANG_WARN__DUPLICATE_METHOD_MATCH = YES;
				COPY_PHASE_STRIP = NO;
				DEBUG_INFORMATION_FORMAT = dwarf;
				ENABLE_STRICT_OBJC_MSGSEND = YES;
				ENABLE_TESTABILITY = YES;
				GCC_C_LANGUAGE_STANDARD = gnu11;
				GCC_DYNAMIC_NO_PIC = NO;
				GCC_NO_COMMON_BLOCKS = YES;
				GCC_OPTIMIZATION_LEVEL = 0;
				GCC_PREPROCESSOR_DEFINITIONS = (
					"DEBUG=1",
					"$(inherited)",
				);
				GCC_WARN_64_TO_32_BIT_CONVERSION = YES;
				GCC_WARN_ABOUT_RETURN_TYPE = YES_ERROR;
				GCC_WARN_UNDECLARED_SELECTOR = YES;
				GCC_WARN_UNINITIALIZED_AUTOS = YES_AGGRESSIVE;
				GCC_WARN_UNUSED_FUNCTION = YES;
				GCC_WARN_UNUSED_VARIABLE = YES;
				MACOSX_DEPLOYMENT_TARGET = 12.2;
				MTL_ENABLE_DEBUG_INFO = INCLUDE_SOURCE;
				MTL_FAST_MATH = YES;
				ONLY_ACTIVE_ARCH = YES;
				SDKROOT = macosx;
			};
			name = Debug;
		};
		146EC5B52882F12A0037F2AA /* Release */ = {
			isa = XCBuildConfiguration;
			buildSettings = {
				ALWAYS_SEARCH_USER_PATHS = NO;
				CLANG_ANALYZER_NONNULL = YES;
				CLANG_ANALYZER_NUMBER_OBJECT_CONVERSION = YES_AGGRESSIVE;
				CLANG_CXX_LANGUAGE_STANDARD = "gnu++17";
				CLANG_ENABLE_MODULES = YES;
				CLANG_ENABLE_OBJC_ARC = YES;
				CLANG_ENABLE_OBJC_WEAK = YES;
				CLANG_WARN_BLOCK_CAPTURE_AUTORELEASING = YES;
				CLANG_WARN_BOOL_CONVERSION = YES;
				CLANG_WARN_COMMA = YES;
				CLANG_WARN_CONSTANT_CONVERSION = YES;
				CLANG_WARN_DEPRECATED_OBJC_IMPLEMENTATIONS = YES;
				CLANG_WARN_DIRECT_OBJC_ISA_USAGE = YES_ERROR;
				CLANG_WARN_DOCUMENTATION_COMMENTS = YES;
				CLANG_WARN_EMPTY_BODY = YES;
				CLANG_WARN_ENUM_CONVERSION = YES;
				CLANG_WARN_INFINITE_RECURSION = YES;
				CLANG_WARN_INT_CONVERSION = YES;
				CLANG_WARN_NON_LITERAL_NULL_CONVERSION = YES;
				CLANG_WARN_OBJC_IMPLICIT_RETAIN_SELF = YES;
				CLANG_WARN_OBJC_LITERAL_CONVERSION = YES;
				CLANG_WARN_OBJC_ROOT_CLASS = YES_ERROR;
				CLANG_WARN_QUOTED_INCLUDE_IN_FRAMEWORK_HEADER = YES;
				CLANG_WARN_RANGE_LOOP_ANALYSIS = YES;
				CLANG_WARN_STRICT_PROTOTYPES = YES;
				CLANG_WARN_SUSPICIOUS_MOVE = YES;
				CLANG_WARN_UNGUARDED_AVAILABILITY = YES_AGGRESSIVE;
				CLANG_WARN_UNREACHABLE_CODE = YES;
				CLANG_WARN__DUPLICATE_METHOD_MATCH = YES;
				COPY_PHASE_STRIP = NO;
				DEBUG_INFORMATION_FORMAT = "dwarf-with-dsym";
				ENABLE_NS_ASSERTIONS = NO;
				ENABLE_STRICT_OBJC_MSGSEND = YES;
				GCC_C_LANGUAGE_STANDARD = gnu11;
				GCC_NO_COMMON_BLOCKS = YES;
				GCC_WARN_64_TO_32_BIT_CONVERSION = YES;
				GCC_WARN_ABOUT_RETURN_TYPE = YES_ERROR;
				GCC_WARN_UNDECLARED_SELECTOR = YES;
				GCC_WARN_UNINITIALIZED_AUTOS = YES_AGGRESSIVE;
				GCC_WARN_UNUSED_FUNCTION = YES;
				GCC_WARN_UNUSED_VARIABLE = YES;
				MACOSX_DEPLOYMENT_TARGET = 12.2;
				MTL_ENABLE_DEBUG_INFO = NO;
				MTL_FAST_MATH = YES;
				SDKROOT = macosx;
			};
			name = Release;
		};
		146EC5B72882F12A0037F2AA /* Debug */ = {
			isa = XCBuildConfiguration;
			buildSettings = {
				CODE_SIGN_STYLE = Automatic;
				PRODUCT_NAME = "$(TARGET_NAME)";
			};
			name = Debug;
		};
		146EC5B82882F12A0037F2AA /* Release */ = {
			isa = XCBuildConfiguration;
			buildSettings = {
				CODE_SIGN_STYLE = Automatic;
				PRODUCT_NAME = "$(TARGET_NAME)";
			};
			name = Release;
		};
/* End XCBuildConfiguration section */

/* Begin XCConfigurationList section */
		146EC5AA2882F12A0037F2AA /* Build configuration list for PBXProject "sheet4String" */ = {
			isa = XCConfigurationList;
			buildConfigurations = (
				146EC5B42882F12A0037F2AA /* Debug */,
				146EC5B52882F12A0037F2AA /* Release */,
			);
			defaultConfigurationIsVisible = 0;
			defaultConfigurationName = Release;
		};
		146EC5B62882F12A0037F2AA /* Build configuration list for PBXNativeTarget "sheet4String" */ = {
			isa = XCConfigurationList;
			buildConfigurations = (
				146EC5B72882F12A0037F2AA /* Debug */,
				146EC5B82882F12A0037F2AA /* Release */,
			);
			defaultConfigurationIsVisible = 0;
			defaultConfigurationName = Release;
		};
/* End XCConfigurationList section */
	};
	rootObject = 146EC5A72882F12A0037F2AA /* Project object */;
}
