// !$*UTF8*$!
{
	archiveVersion = 1;
	classes = {
	};
	objectVersion = 55;
	objects = {

/* Begin PBXBuildFile section */
		14703AA328352F0A00D056C6 /* hardCompare.cpp in Sources */ = {isa = PBXBuildFile; fileRef = 14703AA128352F0A00D056C6 /* hardCompare.cpp */; };
/* End PBXBuildFile section */

/* Begin PBXCopyFilesBuildPhase section */
		14D244252833AA5B009A8FC1 /* CopyFiles */ = {
			isa = PBXCopyFilesBuildPhase;
			buildActionMask = 2147483647;
			dstPath = /usr/share/man/man1/;
			dstSubfolderSpec = 0;
			files = (
			);
			runOnlyForDeploymentPostprocessing = 1;
		};
/* End PBXCopyFilesBuildPhase section */

/* Begin PBXFileReference section */
		14703A8928350B4E00D056C6 /* AgeInDays.cpp */ = {isa = PBXFileReference; lastKnownFileType = sourcecode.cpp.cpp; path = AgeInDays.cpp; sourceTree = "<group>"; };
		14703A8A28350B4E00D056C6 /* AgeInDays.hpp */ = {isa = PBXFileReference; lastKnownFileType = sourcecode.cpp.h; path = AgeInDays.hpp; sourceTree = "<group>"; };
		14703A8C28350E9A00D056C6 /* Intervals.cpp */ = {isa = PBXFileReference; lastKnownFileType = sourcecode.cpp.cpp; path = Intervals.cpp; sourceTree = "<group>"; };
		14703A8D28350E9A00D056C6 /* Intervals.hpp */ = {isa = PBXFileReference; lastKnownFileType = sourcecode.cpp.h; path = Intervals.hpp; sourceTree = "<group>"; };
		14703A8F283510A800D056C6 /* Sorting.cpp */ = {isa = PBXFileReference; lastKnownFileType = sourcecode.cpp.cpp; path = Sorting.cpp; sourceTree = "<group>"; };
		14703A90283510A800D056C6 /* Sorting.hpp */ = {isa = PBXFileReference; lastKnownFileType = sourcecode.cpp.h; path = Sorting.hpp; sourceTree = "<group>"; };
		14703A9228351C0B00D056C6 /* FloatOrInt.cpp */ = {isa = PBXFileReference; lastKnownFileType = sourcecode.cpp.cpp; path = FloatOrInt.cpp; sourceTree = "<group>"; };
		14703A9328351C0B00D056C6 /* FloatOrInt.hpp */ = {isa = PBXFileReference; lastKnownFileType = sourcecode.cpp.h; path = FloatOrInt.hpp; sourceTree = "<group>"; };
		14703A9528351D1500D056C6 /* Comparison.cpp */ = {isa = PBXFileReference; lastKnownFileType = sourcecode.cpp.cpp; path = Comparison.cpp; sourceTree = "<group>"; };
		14703A9628351D1500D056C6 /* Comparison.hpp */ = {isa = PBXFileReference; lastKnownFileType = sourcecode.cpp.h; path = Comparison.hpp; sourceTree = "<group>"; };
		14703A9828351FCB00D056C6 /* MathematicalExpression.cpp */ = {isa = PBXFileReference; lastKnownFileType = sourcecode.cpp.cpp; path = MathematicalExpression.cpp; sourceTree = "<group>"; };
		14703A9928351FCB00D056C6 /* MathematicalExpression.hpp */ = {isa = PBXFileReference; lastKnownFileType = sourcecode.cpp.h; path = MathematicalExpression.hpp; sourceTree = "<group>"; };
		14703A9B2835262300D056C6 /* Two_intervals.cpp */ = {isa = PBXFileReference; lastKnownFileType = sourcecode.cpp.cpp; path = Two_intervals.cpp; sourceTree = "<group>"; };
		14703A9C2835262300D056C6 /* Two_intervals.hpp */ = {isa = PBXFileReference; lastKnownFileType = sourcecode.cpp.h; path = Two_intervals.hpp; sourceTree = "<group>"; };
		14703A9E28352B1800D056C6 /* TheLast2Digits.cpp */ = {isa = PBXFileReference; lastKnownFileType = sourcecode.cpp.cpp; path = TheLast2Digits.cpp; sourceTree = "<group>"; };
		14703A9F28352B1800D056C6 /* TheLast2Digits.hpp */ = {isa = PBXFileReference; lastKnownFileType = sourcecode.cpp.h; path = TheLast2Digits.hpp; sourceTree = "<group>"; };
		14703AA128352F0A00D056C6 /* hardCompare.cpp */ = {isa = PBXFileReference; lastKnownFileType = sourcecode.cpp.cpp; path = hardCompare.cpp; sourceTree = "<group>"; };
		14703AA228352F0A00D056C6 /* hardCompare.hpp */ = {isa = PBXFileReference; lastKnownFileType = sourcecode.cpp.h; path = hardCompare.hpp; sourceTree = "<group>"; };
		14C9C6872833B858002195FE /* dataTypes.cpp */ = {isa = PBXFileReference; lastKnownFileType = sourcecode.cpp.cpp; path = dataTypes.cpp; sourceTree = "<group>"; };
		14C9C6882833B858002195FE /* dataTypes.hpp */ = {isa = PBXFileReference; lastKnownFileType = sourcecode.cpp.h; path = dataTypes.hpp; sourceTree = "<group>"; };
		14C9C68A2833B8E5002195FE /* SimpleCalculator.cpp */ = {isa = PBXFileReference; lastKnownFileType = sourcecode.cpp.cpp; path = SimpleCalculator.cpp; sourceTree = "<group>"; };
		14C9C68B2833B8E5002195FE /* SimpleCalculator.hpp */ = {isa = PBXFileReference; lastKnownFileType = sourcecode.cpp.h; path = SimpleCalculator.hpp; sourceTree = "<group>"; };
		14C9C68D2833BC43002195FE /* Difference.cpp */ = {isa = PBXFileReference; lastKnownFileType = sourcecode.cpp.cpp; path = Difference.cpp; sourceTree = "<group>"; };
		14C9C68E2833BC43002195FE /* Difference.hpp */ = {isa = PBXFileReference; lastKnownFileType = sourcecode.cpp.h; path = Difference.hpp; sourceTree = "<group>"; };
		14C9C6902833BF26002195FE /* Area_of_a_Circle.cpp */ = {isa = PBXFileReference; lastKnownFileType = sourcecode.cpp.cpp; path = Area_of_a_Circle.cpp; sourceTree = "<group>"; };
		14C9C6912833BF26002195FE /* Area_of_a_Circle.hpp */ = {isa = PBXFileReference; lastKnownFileType = sourcecode.cpp.h; path = Area_of_a_Circle.hpp; sourceTree = "<group>"; };
		14C9C6932833C155002195FE /* DigitsSummation.cpp */ = {isa = PBXFileReference; lastKnownFileType = sourcecode.cpp.cpp; path = DigitsSummation.cpp; sourceTree = "<group>"; };
		14C9C6942833C155002195FE /* DigitsSummation.hpp */ = {isa = PBXFileReference; lastKnownFileType = sourcecode.cpp.h; path = DigitsSummation.hpp; sourceTree = "<group>"; };
		14C9C6962833C237002195FE /* Summationfrom1toN.cpp */ = {isa = PBXFileReference; lastKnownFileType = sourcecode.cpp.cpp; path = Summationfrom1toN.cpp; sourceTree = "<group>"; };
		14C9C6972833C237002195FE /* Summationfrom1toN.hpp */ = {isa = PBXFileReference; lastKnownFileType = sourcecode.cpp.h; path = Summationfrom1toN.hpp; sourceTree = "<group>"; };
		14C9C6992833C648002195FE /* Two_numbers.cpp */ = {isa = PBXFileReference; lastKnownFileType = sourcecode.cpp.cpp; path = Two_numbers.cpp; sourceTree = "<group>"; };
		14C9C69A2833C648002195FE /* Two_numbers.hpp */ = {isa = PBXFileReference; lastKnownFileType = sourcecode.cpp.h; path = Two_numbers.hpp; sourceTree = "<group>"; };
		14C9C69C2833C972002195FE /* Welcome_for_you_withConditions.cpp */ = {isa = PBXFileReference; lastKnownFileType = sourcecode.cpp.cpp; path = Welcome_for_you_withConditions.cpp; sourceTree = "<group>"; };
		14C9C69D2833C972002195FE /* Welcome_for_you_withConditions.hpp */ = {isa = PBXFileReference; lastKnownFileType = sourcecode.cpp.h; path = Welcome_for_you_withConditions.hpp; sourceTree = "<group>"; };
		14C9C69F2833CA39002195FE /* Multiples.cpp */ = {isa = PBXFileReference; lastKnownFileType = sourcecode.cpp.cpp; path = Multiples.cpp; sourceTree = "<group>"; };
		14C9C6A02833CA39002195FE /* Multiples.hpp */ = {isa = PBXFileReference; lastKnownFileType = sourcecode.cpp.h; path = Multiples.hpp; sourceTree = "<group>"; };
		14C9C6A22833CB69002195FE /* Max_and_Min.cpp */ = {isa = PBXFileReference; lastKnownFileType = sourcecode.cpp.cpp; path = Max_and_Min.cpp; sourceTree = "<group>"; };
		14C9C6A32833CB69002195FE /* Max_and_Min.hpp */ = {isa = PBXFileReference; lastKnownFileType = sourcecode.cpp.h; path = Max_and_Min.hpp; sourceTree = "<group>"; };
		14C9C6A82833CE48002195FE /* Brothers.cpp */ = {isa = PBXFileReference; lastKnownFileType = sourcecode.cpp.cpp; path = Brothers.cpp; sourceTree = "<group>"; };
		14C9C6A92833CE48002195FE /* Brothers.hpp */ = {isa = PBXFileReference; lastKnownFileType = sourcecode.cpp.h; path = Brothers.hpp; sourceTree = "<group>"; };
		14C9C6AC2833D211002195FE /* Capital_or_Small_or_Digit.cpp */ = {isa = PBXFileReference; lastKnownFileType = sourcecode.cpp.cpp; path = Capital_or_Small_or_Digit.cpp; sourceTree = "<group>"; };
		14C9C6AD2833D211002195FE /* Capital_or_Small_or_Digit.hpp */ = {isa = PBXFileReference; lastKnownFileType = sourcecode.cpp.h; path = Capital_or_Small_or_Digit.hpp; sourceTree = "<group>"; };
		14C9C6AF2833D49C002195FE /* Char.cpp */ = {isa = PBXFileReference; lastKnownFileType = sourcecode.cpp.cpp; path = Char.cpp; sourceTree = "<group>"; };
		14C9C6B02833D49C002195FE /* Char.hpp */ = {isa = PBXFileReference; lastKnownFileType = sourcecode.cpp.h; path = Char.hpp; sourceTree = "<group>"; };
		14C9C6B22833D6F1002195FE /* Calculator.cpp */ = {isa = PBXFileReference; lastKnownFileType = sourcecode.cpp.cpp; path = Calculator.cpp; sourceTree = "<group>"; };
		14C9C6B32833D6F1002195FE /* Calculator.hpp */ = {isa = PBXFileReference; lastKnownFileType = sourcecode.cpp.h; path = Calculator.hpp; sourceTree = "<group>"; };
		14C9C6B52833D87A002195FE /* First_digit!.cpp */ = {isa = PBXFileReference; lastKnownFileType = sourcecode.cpp.cpp; path = "First_digit!.cpp"; sourceTree = "<group>"; };
		14C9C6B62833D87A002195FE /* First_digit!.hpp */ = {isa = PBXFileReference; lastKnownFileType = sourcecode.cpp.h; path = "First_digit!.hpp"; sourceTree = "<group>"; };
		14C9C6B82833DB44002195FE /* Coordinates_of_a_Point.cpp */ = {isa = PBXFileReference; lastKnownFileType = sourcecode.cpp.cpp; path = Coordinates_of_a_Point.cpp; sourceTree = "<group>"; };
		14C9C6B92833DB44002195FE /* Coordinates_of_a_Point.hpp */ = {isa = PBXFileReference; lastKnownFileType = sourcecode.cpp.h; path = Coordinates_of_a_Point.hpp; sourceTree = "<group>"; };
		14D244272833AA5B009A8FC1 /* problemSolvingC++ */ = {isa = PBXFileReference; explicitFileType = "compiled.mach-o.executable"; includeInIndex = 0; path = "problemSolvingC++"; sourceTree = BUILT_PRODUCTS_DIR; };
		14D2442A2833AA5B009A8FC1 /* main.cpp */ = {isa = PBXFileReference; lastKnownFileType = sourcecode.cpp.cpp; path = main.cpp; sourceTree = "<group>"; };
/* End PBXFileReference section */

/* Begin PBXFrameworksBuildPhase section */
		14D244242833AA5B009A8FC1 /* Frameworks */ = {
			isa = PBXFrameworksBuildPhase;
			buildActionMask = 2147483647;
			files = (
			);
			runOnlyForDeploymentPostprocessing = 0;
		};
/* End PBXFrameworksBuildPhase section */

/* Begin PBXGroup section */
		14D2441E2833AA5B009A8FC1 = {
			isa = PBXGroup;
			children = (
				14D244292833AA5B009A8FC1 /* problemSolvingC++ */,
				14D244282833AA5B009A8FC1 /* Products */,
			);
			sourceTree = "<group>";
		};
		14D244282833AA5B009A8FC1 /* Products */ = {
			isa = PBXGroup;
			children = (
				14D244272833AA5B009A8FC1 /* problemSolvingC++ */,
			);
			name = Products;
			sourceTree = "<group>";
		};
		14D244292833AA5B009A8FC1 /* problemSolvingC++ */ = {
			isa = PBXGroup;
			children = (
				14D2442A2833AA5B009A8FC1 /* main.cpp */,
				14C9C6872833B858002195FE /* dataTypes.cpp */,
				14C9C6882833B858002195FE /* dataTypes.hpp */,
				14C9C68A2833B8E5002195FE /* SimpleCalculator.cpp */,
				14C9C68B2833B8E5002195FE /* SimpleCalculator.hpp */,
				14C9C68D2833BC43002195FE /* Difference.cpp */,
				14C9C68E2833BC43002195FE /* Difference.hpp */,
				14C9C6902833BF26002195FE /* Area_of_a_Circle.cpp */,
				14C9C6912833BF26002195FE /* Area_of_a_Circle.hpp */,
				14C9C6932833C155002195FE /* DigitsSummation.cpp */,
				14C9C6942833C155002195FE /* DigitsSummation.hpp */,
				14C9C6962833C237002195FE /* Summationfrom1toN.cpp */,
				14C9C6972833C237002195FE /* Summationfrom1toN.hpp */,
				14C9C6992833C648002195FE /* Two_numbers.cpp */,
				14C9C69A2833C648002195FE /* Two_numbers.hpp */,
				14C9C69C2833C972002195FE /* Welcome_for_you_withConditions.cpp */,
				14C9C69D2833C972002195FE /* Welcome_for_you_withConditions.hpp */,
				14C9C69F2833CA39002195FE /* Multiples.cpp */,
				14C9C6A02833CA39002195FE /* Multiples.hpp */,
				14C9C6A22833CB69002195FE /* Max_and_Min.cpp */,
				14C9C6A32833CB69002195FE /* Max_and_Min.hpp */,
				14C9C6A82833CE48002195FE /* Brothers.cpp */,
				14C9C6A92833CE48002195FE /* Brothers.hpp */,
				14C9C6AC2833D211002195FE /* Capital_or_Small_or_Digit.cpp */,
				14C9C6AD2833D211002195FE /* Capital_or_Small_or_Digit.hpp */,
				14C9C6AF2833D49C002195FE /* Char.cpp */,
				14C9C6B02833D49C002195FE /* Char.hpp */,
				14C9C6B22833D6F1002195FE /* Calculator.cpp */,
				14C9C6B32833D6F1002195FE /* Calculator.hpp */,
				14C9C6B52833D87A002195FE /* First_digit!.cpp */,
				14C9C6B62833D87A002195FE /* First_digit!.hpp */,
				14C9C6B82833DB44002195FE /* Coordinates_of_a_Point.cpp */,
				14C9C6B92833DB44002195FE /* Coordinates_of_a_Point.hpp */,
				14703A8928350B4E00D056C6 /* AgeInDays.cpp */,
				14703A8A28350B4E00D056C6 /* AgeInDays.hpp */,
				14703A8C28350E9A00D056C6 /* Intervals.cpp */,
				14703A8D28350E9A00D056C6 /* Intervals.hpp */,
				14703A8F283510A800D056C6 /* Sorting.cpp */,
				14703A90283510A800D056C6 /* Sorting.hpp */,
				14703A9228351C0B00D056C6 /* FloatOrInt.cpp */,
				14703A9328351C0B00D056C6 /* FloatOrInt.hpp */,
				14703A9528351D1500D056C6 /* Comparison.cpp */,
				14703A9628351D1500D056C6 /* Comparison.hpp */,
				14703A9828351FCB00D056C6 /* MathematicalExpression.cpp */,
				14703A9928351FCB00D056C6 /* MathematicalExpression.hpp */,
				14703A9B2835262300D056C6 /* Two_intervals.cpp */,
				14703A9C2835262300D056C6 /* Two_intervals.hpp */,
				14703A9E28352B1800D056C6 /* TheLast2Digits.cpp */,
				14703A9F28352B1800D056C6 /* TheLast2Digits.hpp */,
				14703AA128352F0A00D056C6 /* hardCompare.cpp */,
				14703AA228352F0A00D056C6 /* hardCompare.hpp */,
			);
			path = "problemSolvingC++";
			sourceTree = "<group>";
		};
/* End PBXGroup section */

/* Begin PBXNativeTarget section */
		14D244262833AA5B009A8FC1 /* problemSolvingC++ */ = {
			isa = PBXNativeTarget;
			buildConfigurationList = 14D2442E2833AA5B009A8FC1 /* Build configuration list for PBXNativeTarget "problemSolvingC++" */;
			buildPhases = (
				14D244232833AA5B009A8FC1 /* Sources */,
				14D244242833AA5B009A8FC1 /* Frameworks */,
				14D244252833AA5B009A8FC1 /* CopyFiles */,
			);
			buildRules = (
			);
			dependencies = (
			);
			name = "problemSolvingC++";
			productName = "problemSolvingC++";
			productReference = 14D244272833AA5B009A8FC1 /* problemSolvingC++ */;
			productType = "com.apple.product-type.tool";
		};
/* End PBXNativeTarget section */

/* Begin PBXProject section */
		14D2441F2833AA5B009A8FC1 /* Project object */ = {
			isa = PBXProject;
			attributes = {
				BuildIndependentTargetsInParallel = 1;
				LastUpgradeCheck = 1330;
				TargetAttributes = {
					14D244262833AA5B009A8FC1 = {
						CreatedOnToolsVersion = 13.3;
					};
				};
			};
			buildConfigurationList = 14D244222833AA5B009A8FC1 /* Build configuration list for PBXProject "problemSolvingC++" */;
			compatibilityVersion = "Xcode 13.0";
			developmentRegion = en;
			hasScannedForEncodings = 0;
			knownRegions = (
				en,
				Base,
			);
			mainGroup = 14D2441E2833AA5B009A8FC1;
			productRefGroup = 14D244282833AA5B009A8FC1 /* Products */;
			projectDirPath = "";
			projectRoot = "";
			targets = (
				14D244262833AA5B009A8FC1 /* problemSolvingC++ */,
			);
		};
/* End PBXProject section */

/* Begin PBXSourcesBuildPhase section */
		14D244232833AA5B009A8FC1 /* Sources */ = {
			isa = PBXSourcesBuildPhase;
			buildActionMask = 2147483647;
			files = (
				14703AA328352F0A00D056C6 /* hardCompare.cpp in Sources */,
			);
			runOnlyForDeploymentPostprocessing = 0;
		};
/* End PBXSourcesBuildPhase section */

/* Begin XCBuildConfiguration section */
		14D2442C2833AA5B009A8FC1 /* Debug */ = {
			isa = XCBuildConfiguration;
			buildSettings = {
				ALWAYS_SEARCH_USER_PATHS = NO;
				CLANG_ANALYZER_NONNULL = YES;
				CLANG_ANALYZER_NUMBER_OBJECT_CONVERSION = YES_AGGRESSIVE;
				CLANG_CXX_LANGUAGE_STANDARD = "gnu++17";
				CLANG_ENABLE_MODULES = YES;
				CLANG_ENABLE_OBJC_ARC = YES;
				CLANG_ENABLE_OBJC_WEAK = YES;
				CLANG_WARN_BLOCK_CAPTURE_AUTORELEASING = YES;
				CLANG_WARN_BOOL_CONVERSION = YES;
				CLANG_WARN_COMMA = YES;
				CLANG_WARN_CONSTANT_CONVERSION = YES;
				CLANG_WARN_DEPRECATED_OBJC_IMPLEMENTATIONS = YES;
				CLANG_WARN_DIRECT_OBJC_ISA_USAGE = YES_ERROR;
				CLANG_WARN_DOCUMENTATION_COMMENTS = YES;
				CLANG_WARN_EMPTY_BODY = YES;
				CLANG_WARN_ENUM_CONVERSION = YES;
				CLANG_WARN_INFINITE_RECURSION = YES;
				CLANG_WARN_INT_CONVERSION = YES;
				CLANG_WARN_NON_LITERAL_NULL_CONVERSION = YES;
				CLANG_WARN_OBJC_IMPLICIT_RETAIN_SELF = YES;
				CLANG_WARN_OBJC_LITERAL_CONVERSION = YES;
				CLANG_WARN_OBJC_ROOT_CLASS = YES_ERROR;
				CLANG_WARN_QUOTED_INCLUDE_IN_FRAMEWORK_HEADER = YES;
				CLANG_WARN_RANGE_LOOP_ANALYSIS = YES;
				CLANG_WARN_STRICT_PROTOTYPES = YES;
				CLANG_WARN_SUSPICIOUS_MOVE = YES;
				CLANG_WARN_UNGUARDED_AVAILABILITY = YES_AGGRESSIVE;
				CLANG_WARN_UNREACHABLE_CODE = YES;
				CLANG_WARN__DUPLICATE_METHOD_MATCH = YES;
				COPY_PHASE_STRIP = NO;
				DEBUG_INFORMATION_FORMAT = dwarf;
				ENABLE_STRICT_OBJC_MSGSEND = YES;
				ENABLE_TESTABILITY = YES;
				GCC_C_LANGUAGE_STANDARD = gnu11;
				GCC_DYNAMIC_NO_PIC = NO;
				GCC_NO_COMMON_BLOCKS = YES;
				GCC_OPTIMIZATION_LEVEL = 0;
				GCC_PREPROCESSOR_DEFINITIONS = (
					"DEBUG=1",
					"$(inherited)",
				);
				GCC_WARN_64_TO_32_BIT_CONVERSION = YES;
				GCC_WARN_ABOUT_RETURN_TYPE = YES_ERROR;
				GCC_WARN_UNDECLARED_SELECTOR = YES;
				GCC_WARN_UNINITIALIZED_AUTOS = YES_AGGRESSIVE;
				GCC_WARN_UNUSED_FUNCTION = YES;
				GCC_WARN_UNUSED_VARIABLE = YES;
				MACOSX_DEPLOYMENT_TARGET = 12.2;
				MTL_ENABLE_DEBUG_INFO = INCLUDE_SOURCE;
				MTL_FAST_MATH = YES;
				ONLY_ACTIVE_ARCH = YES;
				SDKROOT = macosx;
			};
			name = Debug;
		};
		14D2442D2833AA5B009A8FC1 /* Release */ = {
			isa = XCBuildConfiguration;
			buildSettings = {
				ALWAYS_SEARCH_USER_PATHS = NO;
				CLANG_ANALYZER_NONNULL = YES;
				CLANG_ANALYZER_NUMBER_OBJECT_CONVERSION = YES_AGGRESSIVE;
				CLANG_CXX_LANGUAGE_STANDARD = "gnu++17";
				CLANG_ENABLE_MODULES = YES;
				CLANG_ENABLE_OBJC_ARC = YES;
				CLANG_ENABLE_OBJC_WEAK = YES;
				CLANG_WARN_BLOCK_CAPTURE_AUTORELEASING = YES;
				CLANG_WARN_BOOL_CONVERSION = YES;
				CLANG_WARN_COMMA = YES;
				CLANG_WARN_CONSTANT_CONVERSION = YES;
				CLANG_WARN_DEPRECATED_OBJC_IMPLEMENTATIONS = YES;
				CLANG_WARN_DIRECT_OBJC_ISA_USAGE = YES_ERROR;
				CLANG_WARN_DOCUMENTATION_COMMENTS = YES;
				CLANG_WARN_EMPTY_BODY = YES;
				CLANG_WARN_ENUM_CONVERSION = YES;
				CLANG_WARN_INFINITE_RECURSION = YES;
				CLANG_WARN_INT_CONVERSION = YES;
				CLANG_WARN_NON_LITERAL_NULL_CONVERSION = YES;
				CLANG_WARN_OBJC_IMPLICIT_RETAIN_SELF = YES;
				CLANG_WARN_OBJC_LITERAL_CONVERSION = YES;
				CLANG_WARN_OBJC_ROOT_CLASS = YES_ERROR;
				CLANG_WARN_QUOTED_INCLUDE_IN_FRAMEWORK_HEADER = YES;
				CLANG_WARN_RANGE_LOOP_ANALYSIS = YES;
				CLANG_WARN_STRICT_PROTOTYPES = YES;
				CLANG_WARN_SUSPICIOUS_MOVE = YES;
				CLANG_WARN_UNGUARDED_AVAILABILITY = YES_AGGRESSIVE;
				CLANG_WARN_UNREACHABLE_CODE = YES;
				CLANG_WARN__DUPLICATE_METHOD_MATCH = YES;
				COPY_PHASE_STRIP = NO;
				DEBUG_INFORMATION_FORMAT = "dwarf-with-dsym";
				ENABLE_NS_ASSERTIONS = NO;
				ENABLE_STRICT_OBJC_MSGSEND = YES;
				GCC_C_LANGUAGE_STANDARD = gnu11;
				GCC_NO_COMMON_BLOCKS = YES;
				GCC_WARN_64_TO_32_BIT_CONVERSION = YES;
				GCC_WARN_ABOUT_RETURN_TYPE = YES_ERROR;
				GCC_WARN_UNDECLARED_SELECTOR = YES;
				GCC_WARN_UNINITIALIZED_AUTOS = YES_AGGRESSIVE;
				GCC_WARN_UNUSED_FUNCTION = YES;
				GCC_WARN_UNUSED_VARIABLE = YES;
				MACOSX_DEPLOYMENT_TARGET = 12.2;
				MTL_ENABLE_DEBUG_INFO = NO;
				MTL_FAST_MATH = YES;
				SDKROOT = macosx;
			};
			name = Release;
		};
		14D2442F2833AA5B009A8FC1 /* Debug */ = {
			isa = XCBuildConfiguration;
			buildSettings = {
				CODE_SIGN_STYLE = Automatic;
				PRODUCT_NAME = "$(TARGET_NAME)";
			};
			name = Debug;
		};
		14D244302833AA5B009A8FC1 /* Release */ = {
			isa = XCBuildConfiguration;
			buildSettings = {
				CODE_SIGN_STYLE = Automatic;
				PRODUCT_NAME = "$(TARGET_NAME)";
			};
			name = Release;
		};
/* End XCBuildConfiguration section */

/* Begin XCConfigurationList section */
		14D244222833AA5B009A8FC1 /* Build configuration list for PBXProject "problemSolvingC++" */ = {
			isa = XCConfigurationList;
			buildConfigurations = (
				14D2442C2833AA5B009A8FC1 /* Debug */,
				14D2442D2833AA5B009A8FC1 /* Release */,
			);
			defaultConfigurationIsVisible = 0;
			defaultConfigurationName = Release;
		};
		14D2442E2833AA5B009A8FC1 /* Build configuration list for PBXNativeTarget "problemSolvingC++" */ = {
			isa = XCConfigurationList;
			buildConfigurations = (
				14D2442F2833AA5B009A8FC1 /* Debug */,
				14D244302833AA5B009A8FC1 /* Release */,
			);
			defaultConfigurationIsVisible = 0;
			defaultConfigurationName = Release;
		};
/* End XCConfigurationList section */
	};
	rootObject = 14D2441F2833AA5B009A8FC1 /* Project object */;
}
